
Microsoft Visual Studio Solution File, Format Version 12.00
# Visual Studio 2015
Project("{FAE04EC0-301F-11D3-BF4B-00C04F79EFBC}") = "Unity2016Platformer.CSharp.Plugins", "Unity2016Platformer.CSharp.Plugins.csproj", "{C2E1A646-9438-5BA8-F853-8FCF59E8C884}"
EndProject
Project("{FAE04EC0-301F-11D3-BF4B-00C04F79EFBC}") = "Unity2016Platformer.CSharp", "Unity2016Platformer.CSharp.csproj", "{6E94574C-FD0E-AA35-0339-4018375A794A}"
EndProject
Project("{FAE04EC0-301F-11D3-BF4B-00C04F79EFBC}") = "Unity2016Platformer.CSharp.Editor", "Unity2016Platformer.CSharp.Editor.csproj", "{6B6418F7-1082-6793-7224-776A05BCC05D}"
EndProject
Global
	GlobalSection(SolutionConfigurationPlatforms) = preSolution
		Debug|Any CPU = Debug|Any CPU
		Release|Any CPU = Release|Any CPU
	EndGlobalSection
	GlobalSection(ProjectConfigurationPlatforms) = postSolution
		{C2E1A646-9438-5BA8-F853-8FCF59E8C884}.Debug|Any CPU.ActiveCfg = Debug|Any CPU
		{C2E1A646-9438-5BA8-F853-8FCF59E8C884}.Debug|Any CPU.Build.0 = Debug|Any CPU
		{C2E1A646-9438-5BA8-F853-8FCF59E8C884}.Release|Any CPU.ActiveCfg = Release|Any CPU
		{C2E1A646-9438-5BA8-F853-8FCF59E8C884}.Release|Any CPU.Build.0 = Release|Any CPU
		{6E94574C-FD0E-AA35-0339-4018375A794A}.Debug|Any CPU.ActiveCfg = Debug|Any CPU
		{6E94574C-FD0E-AA35-0339-4018375A794A}.Debug|Any CPU.Build.0 = Debug|Any CPU
		{6E94574C-FD0E-AA35-0339-4018375A794A}.Release|Any CPU.ActiveCfg = Release|Any CPU
		{6E94574C-FD0E-AA35-0339-4018375A794A}.Release|Any CPU.Build.0 = Release|Any CPU
		{6B6418F7-1082-6793-7224-776A05BCC05D}.Debug|Any CPU.ActiveCfg = Debug|Any CPU
		{6B6418F7-1082-6793-7224-776A05BCC05D}.Debug|Any CPU.Build.0 = Debug|Any CPU
		{6B6418F7-1082-6793-7224-776A05BCC05D}.Release|Any CPU.ActiveCfg = Release|Any CPU
		{6B6418F7-1082-6793-7224-776A05BCC05D}.Release|Any CPU.Build.0 = Release|Any CPU
	EndGlobalSection
	GlobalSection(SolutionProperties) = preSolution
		HideSolutionNode = FALSE
	EndGlobalSection
EndGlobal
